# THIS IS AN AUTOGENERATED FILE. DO NOT EDIT THIS FILE DIRECTLY.
# yarn lockfile v1


"@node-rs/helper@^0.4.0":
  version "0.4.0"
  resolved "https://registry.yarnpkg.com/@node-rs/helper/-/helper-0.4.0.tgz#deec7d95aafa90535980a51cbd5336b8bbefe93a"
  integrity sha512-fSyHEXmlt/FueKqAYiGFCnkohnQBMQwUr6VYPeZEeVBAzQzhioS1WaRe2fSpOuRKIimCQEvxhQ6fwsYxYakfGA==
  dependencies:
    tslib "^2.0.1"

"@swc-node/core@^1.1.0":
  version "1.1.0"
  resolved "https://registry.yarnpkg.com/@swc-node/core/-/core-1.1.0.tgz#4d99597e62aefe2b2a2dc0bd928282c00b519d52"
  integrity sha512-K90gevVF5UIttPeEK7rfFrdnVLpE4UIc3M5qz2MLrMhWBrfDolSTAm6USM/GITVzbSzECr3Nm/JDkpchzlAEXg==
  dependencies:
    "@swc/core" "^1.2.36"

"@swc-node/register@^1.0.1":
  version "1.0.1"
  resolved "https://registry.yarnpkg.com/@swc-node/register/-/register-1.0.1.tgz#3f5d5e0baac67f62b2a47791f31d3292875a812f"
  integrity sha512-qcwMXXTtjGkvH7vni3wG1rQXoahLCuQB8w8Hr9i8zO8OPfyrkXSk9gWVkBzIAzB35o+zXiutEo3FHIHi52H2iw==
  dependencies:
    "@swc-node/core" "^1.1.0"
    "@swc-node/sourcemap-support" "^0.1.8"
    chalk "^4.1.0"
    debug "^4.2.0"
    pirates "^4.0.1"

"@swc-node/sourcemap-support@^0.1.8":
  version "0.1.8"
  resolved "https://registry.yarnpkg.com/@swc-node/sourcemap-support/-/sourcemap-support-0.1.8.tgz#8cf74175ae5e3374612011e7e75c03637019db4c"
  integrity sha512-AOH32yNN8UJh6Ayc+r3mnPdrjqqEjtXr9wsEiEhh3OqJWFXqkMOHC+18FYhHdTzGzhaYqUshQONjqOTC38yx7Q==
  dependencies:
    source-map-support "^0.5.19"

"@swc/core-darwin@^1.2.36":
  version "1.2.36"
  resolved "https://registry.yarnpkg.com/@swc/core-darwin/-/core-darwin-1.2.36.tgz#8715c7ca6ec352424ae1fc3ad1bff19f1f03a97e"
  integrity sha512-2BvqKmdkPwS41QTZ0bkj2emdY8xsscMaUY3CtllQJOhY0oIw6kycNNfreAumVUU93eAXdympBj7yBTNkRil0gQ==

"@swc/core-linux@^1.2.36":
  version "1.2.36"
  resolved "https://registry.yarnpkg.com/@swc/core-linux/-/core-linux-1.2.36.tgz#cac9db6ab811be9e5deca0fb55bc2125dbc14842"
  integrity sha512-xUnn1rj7QYypaol5pjGgiGBHi/YsV55OpGLQDDM5FMxjwY6QLw9zJAHFprZpMbjOIKplKOujUyOwbpkhPzUdzA==

"@swc/core-win32@^1.2.36":
  version "1.2.36"
  resolved "https://registry.yarnpkg.com/@swc/core-win32/-/core-win32-1.2.36.tgz#13fb85ae579a3d0d73defe11239cb566110315c9"
  integrity sha512-O3HJ+Gd1RRsjdTPsvrjLw/ZTRo5N/V4u9+UFNgU9A5jUnhmAuyoUGSa+AHOOGQfSmLkrE6WF3+iz4apAYmnIOw==

"@swc/core@^1.2.36":
  version "1.2.36"
  resolved "https://registry.yarnpkg.com/@swc/core/-/core-1.2.36.tgz#ce32c6553438e1980113d66f7d7a7b52b2a810b6"
  integrity sha512-hi/LRHkTS3ICjhm1sl2/AM3hv8OClqdp9jFZt/sKAxVgj61xS9kD9uYiDE0MKZiwMlcTNE5bH8kY1XhqCL25rg==
  dependencies:
    "@node-rs/helper" "^0.4.0"
  optionalDependencies:
    "@swc/core-darwin" "^1.2.36"
    "@swc/core-linux" "^1.2.36"
    "@swc/core-win32" "^1.2.36"

ansi-styles@^4.1.0:
  version "4.3.0"
  resolved "https://registry.yarnpkg.com/ansi-styles/-/ansi-styles-4.3.0.tgz#edd803628ae71c04c85ae7a0906edad34b648937"
  integrity sha512-zbB9rCJAT1rbjiVDb2hqKFHNYLxgtk8NURxZ3IZwD3F6NtxbXZQCnnSi1Lkx+IDohdPlFp222wVALIheZJQSEg==
  dependencies:
    color-convert "^2.0.1"

buffer-from@^1.0.0:
  version "1.1.1"
  resolved "https://registry.yarnpkg.com/buffer-from/-/buffer-from-1.1.1.tgz#32713bc028f75c02fdb710d7c7bcec1f2c6070ef"
  integrity sha512-MQcXEUbCKtEo7bhqEs6560Hyd4XaovZlO/k9V3hjVUF/zwW7KBVdSK4gIt/bzwS9MbR5qob+F5jusZsb0YQK2A==

chalk@^4.1.0:
  version "4.1.0"
  resolved "https://registry.yarnpkg.com/chalk/-/chalk-4.1.0.tgz#4e14870a618d9e2edd97dd8345fd9d9dc315646a"
  integrity sha512-qwx12AxXe2Q5xQ43Ac//I6v5aXTipYrSESdOgzrN+9XjgEpyjpKuvSGaN4qE93f7TQTlerQQ8S+EQ0EyDoVL1A==
  dependencies:
    ansi-styles "^4.1.0"
    supports-color "^7.1.0"

color-convert@^2.0.1:
  version "2.0.1"
  resolved "https://registry.yarnpkg.com/color-convert/-/color-convert-2.0.1.tgz#72d3a68d598c9bdb3af2ad1e84f21d896abd4de3"
  integrity sha512-RRECPsj7iu/xb5oKYcsFHSppFNnsj/52OVTRKb4zP5onXwVF3zVmmToNcOfGC+CRDpfK/U584fMg38ZHCaElKQ==
  dependencies:
    color-name "~1.1.4"

color-name@~1.1.4:
  version "1.1.4"
  resolved "https://registry.yarnpkg.com/color-name/-/color-name-1.1.4.tgz#c2a09a87acbde69543de6f63fa3995c826c536a2"
  integrity sha512-dOy+3AuW3a2wNbZHIuMZpTcgjGuLU/uBL/ubcZF9OXbDo8ff4O8yVp5Bf0efS8uEoYo5q4Fx7dY9OgQGXgAsQA==

debug@^4.2.0:
  version "4.2.0"
  resolved "https://registry.yarnpkg.com/debug/-/debug-4.2.0.tgz#7f150f93920e94c58f5574c2fd01a3110effe7f1"
  integrity sha512-IX2ncY78vDTjZMFUdmsvIRFY2Cf4FnD0wRs+nQwJU8Lu99/tPFdb0VybiiMTPe3I6rQmwsqQqRBvxU+bZ/I8sg==
  dependencies:
    ms "2.1.2"

has-flag@^4.0.0:
  version "4.0.0"
  resolved "https://registry.yarnpkg.com/has-flag/-/has-flag-4.0.0.tgz#944771fd9c81c81265c4d6941860da06bb59479b"
  integrity sha512-EykJT/Q1KjTWctppgIAgfSO0tKVuZUjhgMr17kqTumMl6Afv3EISleU7qZUzoXDFTAHTDC4NOoG/ZxU3EvlMPQ==

ms@2.1.2:
  version "2.1.2"
  resolved "https://registry.yarnpkg.com/ms/-/ms-2.1.2.tgz#d09d1f357b443f493382a8eb3ccd183872ae6009"
  integrity sha512-sGkPx+VjMtmA6MX27oA4FBFELFCZZ4S4XqeGOXCv68tT+jb3vk/RyaKWP0PTKyWtmLSM0b+adUTEvbs1PEaH2w==

node-modules-regexp@^1.0.0:
  version "1.0.0"
  resolved "https://registry.yarnpkg.com/node-modules-regexp/-/node-modules-regexp-1.0.0.tgz#8d9dbe28964a4ac5712e9131642107c71e90ec40"
  integrity sha1-jZ2+KJZKSsVxLpExZCEHxx6Q7EA=

pirates@^4.0.1:
  version "4.0.1"
  resolved "https://registry.yarnpkg.com/pirates/-/pirates-4.0.1.tgz#643a92caf894566f91b2b986d2c66950a8e2fb87"
  integrity sha512-WuNqLTbMI3tmfef2TKxlQmAiLHKtFhlsCZnPIpuv2Ow0RDVO8lfy1Opf4NUzlMXLjPl+Men7AuVdX6TA+s+uGA==
  dependencies:
    node-modules-regexp "^1.0.0"

source-map-support@^0.5.19:
  version "0.5.19"
  resolved "https://registry.yarnpkg.com/source-map-support/-/source-map-support-0.5.19.tgz#a98b62f86dcaf4f67399648c085291ab9e8fed61"
  integrity sha512-Wonm7zOCIJzBGQdB+thsPar0kYuCIzYvxZwlBa87yi/Mdjv7Tip2cyVbLj5o0cFPN4EVkuTwb3GDDyUx2DGnGw==
  dependencies:
    buffer-from "^1.0.0"
    source-map "^0.6.0"

source-map@^0.6.0:
  version "0.6.1"
  resolved "https://registry.yarnpkg.com/source-map/-/source-map-0.6.1.tgz#74722af32e9614e9c287a8d0bbde48b5e2f1a263"
  integrity sha512-UjgapumWlbMhkBgzT7Ykc5YXUT46F0iKu8SGXq0bcwP5dz/h0Plj6enJqjz1Zbq2l5WaqYnrVbwWOWMyF3F47g==

supports-color@^7.1.0:
  version "7.2.0"
  resolved "https://registry.yarnpkg.com/supports-color/-/supports-color-7.2.0.tgz#1b7dcdcb32b8138801b3e478ba6a51caa89648da"
  integrity sha512-qpCAvRl9stuOHveKsn7HncJRvv501qIacKzQlO/+Lwxc9+0q2wLyv4Dfvt80/DPn2pqOBsJdDiogXGR9+OvwRw==
  dependencies:
    has-flag "^4.0.0"

tslib@^2.0.1:
  version "2.0.3"
  resolved "https://registry.yarnpkg.com/tslib/-/tslib-2.0.3.tgz#8e0741ac45fc0c226e58a17bfc3e64b9bc6ca61c"
  integrity sha512-uZtkfKblCEQtZKBF6EBXVZeQNl82yqtDQdv+eck8u7tdPxjLu2/lp5/uPW+um2tpuxINHWy3GhiccY7QgEaVHQ==
